// !$*UTF8*$!
{
	archiveVersion = 1;
	classes = {
	};
	objectVersion = 55;
	objects = {

/* Begin PBXBuildFile section */
		320FE1EA284F82DE007E2712 /* DateUtils.swift in Sources */ = {isa = PBXBuildFile; fileRef = 320FE1E9284F82DE007E2712 /* DateUtils.swift */; };
		320FE1EC284F894D007E2712 /* AccountSummaryViewController+Networking.swift in Sources */ = {isa = PBXBuildFile; fileRef = 320FE1EB284F894D007E2712 /* AccountSummaryViewController+Networking.swift */; };
		320FE1EF284FA725007E2712 /* ProfileTests.swift in Sources */ = {isa = PBXBuildFile; fileRef = 320FE1EE284FA725007E2712 /* ProfileTests.swift */; };
		320FE1F1284FA865007E2712 /* AccountTests.swift in Sources */ = {isa = PBXBuildFile; fileRef = 320FE1F0284FA865007E2712 /* AccountTests.swift */; };
		32270FCF2844D88F004A077B /* AccountSummaryViewController.swift in Sources */ = {isa = PBXBuildFile; fileRef = 32270FCE2844D88F004A077B /* AccountSummaryViewController.swift */; };
		32270FD128450312004A077B /* AccountSummaryHeaderView.swift in Sources */ = {isa = PBXBuildFile; fileRef = 32270FD028450312004A077B /* AccountSummaryHeaderView.swift */; };
		32270FD32845039D004A077B /* AccountSummaryHeaderView.xib in Resources */ = {isa = PBXBuildFile; fileRef = 32270FD22845039D004A077B /* AccountSummaryHeaderView.xib */; };
		32270FD728451EC6004A077B /* AccountSummaryCell.swift in Sources */ = {isa = PBXBuildFile; fileRef = 32270FD628451EC6004A077B /* AccountSummaryCell.swift */; };
		32270FD928464EFE004A077B /* DecimalUtil.swift in Sources */ = {isa = PBXBuildFile; fileRef = 32270FD828464EFE004A077B /* DecimalUtil.swift */; };
		32270FDB2846500C004A077B /* CurrencyFormatter.swift in Sources */ = {isa = PBXBuildFile; fileRef = 32270FDA2846500C004A077B /* CurrencyFormatter.swift */; };
		32270FE3284658D8004A077B /* BankeyUnitTests.swift in Sources */ = {isa = PBXBuildFile; fileRef = 32270FE2284658D8004A077B /* BankeyUnitTests.swift */; };
		32270FEA284659C1004A077B /* CurrencyFormatterTest.swift in Sources */ = {isa = PBXBuildFile; fileRef = 32270FE9284659C1004A077B /* CurrencyFormatterTest.swift */; };
		322780762843A152000AA3F9 /* UIViewConroller+Utils.swift in Sources */ = {isa = PBXBuildFile; fileRef = 322780752843A152000AA3F9 /* UIViewConroller+Utils.swift */; };
		322780782843A2B3000AA3F9 /* MainViewController.swift in Sources */ = {isa = PBXBuildFile; fileRef = 322780772843A2B3000AA3F9 /* MainViewController.swift */; };
		323A98E928400E9A0084F703 /* AppDelegate.swift in Sources */ = {isa = PBXBuildFile; fileRef = 323A98E828400E9A0084F703 /* AppDelegate.swift */; };
		323A98ED28400E9A0084F703 /* LoginViewController.swift in Sources */ = {isa = PBXBuildFile; fileRef = 323A98EC28400E9A0084F703 /* LoginViewController.swift */; };
		323A98F228400E9C0084F703 /* Assets.xcassets in Resources */ = {isa = PBXBuildFile; fileRef = 323A98F128400E9C0084F703 /* Assets.xcassets */; };
		323A98F528400E9C0084F703 /* LaunchScreen.storyboard in Resources */ = {isa = PBXBuildFile; fileRef = 323A98F328400E9C0084F703 /* LaunchScreen.storyboard */; };
		323A98FF284014490084F703 /* LoginView.swift in Sources */ = {isa = PBXBuildFile; fileRef = 323A98FE284014490084F703 /* LoginView.swift */; };
		323A99022840FDBA0084F703 /* OnboardingContainerViewController.swift in Sources */ = {isa = PBXBuildFile; fileRef = 323A99012840FDBA0084F703 /* OnboardingContainerViewController.swift */; };
		323A990428410F560084F703 /* OnboardingViewController.swift in Sources */ = {isa = PBXBuildFile; fileRef = 323A990328410F560084F703 /* OnboardingViewController.swift */; };
		323A99062841705C0084F703 /* DummyViewController.swift in Sources */ = {isa = PBXBuildFile; fileRef = 323A99052841705C0084F703 /* DummyViewController.swift */; };
		323A9909284179870084F703 /* LocalState.swift in Sources */ = {isa = PBXBuildFile; fileRef = 323A9908284179870084F703 /* LocalState.swift */; };
		32C06D262847DEB700936657 /* NSNotificationName.swift in Sources */ = {isa = PBXBuildFile; fileRef = 32C06D252847DEB700936657 /* NSNotificationName.swift */; };
		32C06D282847E08900936657 /* UITextFieldSecureToggle.swift in Sources */ = {isa = PBXBuildFile; fileRef = 32C06D272847E08900936657 /* UITextFieldSecureToggle.swift */; };
		32C06D32284A5DB800936657 /* ShakeyBellView.swift in Sources */ = {isa = PBXBuildFile; fileRef = 32C06D31284A5DB800936657 /* ShakeyBellView.swift */; };
/* End PBXBuildFile section */

/* Begin PBXContainerItemProxy section */
		32270FE4284658D8004A077B /* PBXContainerItemProxy */ = {
			isa = PBXContainerItemProxy;
			containerPortal = 323A98DD28400E9A0084F703 /* Project object */;
			proxyType = 1;
			remoteGlobalIDString = 323A98E428400E9A0084F703;
			remoteInfo = Bankey;
		};
/* End PBXContainerItemProxy section */

/* Begin PBXFileReference section */
		3200DCCF284F7D2600493264 /* MyPlayground.playground */ = {isa = PBXFileReference; lastKnownFileType = file.playground; path = MyPlayground.playground; sourceTree = "<group>"; xcLanguageSpecificationIdentifier = xcode.lang.swift; };
		320FE1E9284F82DE007E2712 /* DateUtils.swift */ = {isa = PBXFileReference; lastKnownFileType = sourcecode.swift; path = DateUtils.swift; sourceTree = "<group>"; };
		320FE1EB284F894D007E2712 /* AccountSummaryViewController+Networking.swift */ = {isa = PBXFileReference; lastKnownFileType = sourcecode.swift; path = "AccountSummaryViewController+Networking.swift"; sourceTree = "<group>"; };
		320FE1EE284FA725007E2712 /* ProfileTests.swift */ = {isa = PBXFileReference; lastKnownFileType = sourcecode.swift; path = ProfileTests.swift; sourceTree = "<group>"; };
		320FE1F0284FA865007E2712 /* AccountTests.swift */ = {isa = PBXFileReference; lastKnownFileType = sourcecode.swift; path = AccountTests.swift; sourceTree = "<group>"; };
		32270FCE2844D88F004A077B /* AccountSummaryViewController.swift */ = {isa = PBXFileReference; lastKnownFileType = sourcecode.swift; path = AccountSummaryViewController.swift; sourceTree = "<group>"; };
		32270FD028450312004A077B /* AccountSummaryHeaderView.swift */ = {isa = PBXFileReference; lastKnownFileType = sourcecode.swift; path = AccountSummaryHeaderView.swift; sourceTree = "<group>"; };
		32270FD22845039D004A077B /* AccountSummaryHeaderView.xib */ = {isa = PBXFileReference; lastKnownFileType = file.xib; path = AccountSummaryHeaderView.xib; sourceTree = "<group>"; };
		32270FD628451EC6004A077B /* AccountSummaryCell.swift */ = {isa = PBXFileReference; lastKnownFileType = sourcecode.swift; path = AccountSummaryCell.swift; sourceTree = "<group>"; };
		32270FD828464EFE004A077B /* DecimalUtil.swift */ = {isa = PBXFileReference; lastKnownFileType = sourcecode.swift; path = DecimalUtil.swift; sourceTree = "<group>"; };
		32270FDA2846500C004A077B /* CurrencyFormatter.swift */ = {isa = PBXFileReference; lastKnownFileType = sourcecode.swift; path = CurrencyFormatter.swift; sourceTree = "<group>"; };
		32270FE0284658D8004A077B /* BankeyUnitTests.xctest */ = {isa = PBXFileReference; explicitFileType = wrapper.cfbundle; includeInIndex = 0; path = BankeyUnitTests.xctest; sourceTree = BUILT_PRODUCTS_DIR; };
		32270FE2284658D8004A077B /* BankeyUnitTests.swift */ = {isa = PBXFileReference; lastKnownFileType = sourcecode.swift; path = BankeyUnitTests.swift; sourceTree = "<group>"; };
		32270FE9284659C1004A077B /* CurrencyFormatterTest.swift */ = {isa = PBXFileReference; lastKnownFileType = sourcecode.swift; path = CurrencyFormatterTest.swift; sourceTree = "<group>"; };
		322780752843A152000AA3F9 /* UIViewConroller+Utils.swift */ = {isa = PBXFileReference; lastKnownFileType = sourcecode.swift; path = "UIViewConroller+Utils.swift"; sourceTree = "<group>"; };
		322780772843A2B3000AA3F9 /* MainViewController.swift */ = {isa = PBXFileReference; lastKnownFileType = sourcecode.swift; path = MainViewController.swift; sourceTree = "<group>"; };
		323A98E528400E9A0084F703 /* Bankey.app */ = {isa = PBXFileReference; explicitFileType = wrapper.application; includeInIndex = 0; path = Bankey.app; sourceTree = BUILT_PRODUCTS_DIR; };
		323A98E828400E9A0084F703 /* AppDelegate.swift */ = {isa = PBXFileReference; lastKnownFileType = sourcecode.swift; path = AppDelegate.swift; sourceTree = "<group>"; };
		323A98EC28400E9A0084F703 /* LoginViewController.swift */ = {isa = PBXFileReference; lastKnownFileType = sourcecode.swift; path = LoginViewController.swift; sourceTree = "<group>"; };
		323A98F128400E9C0084F703 /* Assets.xcassets */ = {isa = PBXFileReference; lastKnownFileType = folder.assetcatalog; path = Assets.xcassets; sourceTree = "<group>"; };
		323A98F428400E9C0084F703 /* Base */ = {isa = PBXFileReference; lastKnownFileType = file.storyboard; name = Base; path = Base.lproj/LaunchScreen.storyboard; sourceTree = "<group>"; };
		323A98F628400E9C0084F703 /* Info.plist */ = {isa = PBXFileReference; lastKnownFileType = text.plist.xml; path = Info.plist; sourceTree = "<group>"; };
		323A98FE284014490084F703 /* LoginView.swift */ = {isa = PBXFileReference; lastKnownFileType = sourcecode.swift; path = LoginView.swift; sourceTree = "<group>"; };
		323A99012840FDBA0084F703 /* OnboardingContainerViewController.swift */ = {isa = PBXFileReference; lastKnownFileType = sourcecode.swift; path = OnboardingContainerViewController.swift; sourceTree = "<group>"; };
		323A990328410F560084F703 /* OnboardingViewController.swift */ = {isa = PBXFileReference; lastKnownFileType = sourcecode.swift; path = OnboardingViewController.swift; sourceTree = "<group>"; };
		323A99052841705C0084F703 /* DummyViewController.swift */ = {isa = PBXFileReference; lastKnownFileType = sourcecode.swift; path = DummyViewController.swift; sourceTree = "<group>"; };
		323A9908284179870084F703 /* LocalState.swift */ = {isa = PBXFileReference; lastKnownFileType = sourcecode.swift; path = LocalState.swift; sourceTree = "<group>"; };
		32C06D252847DEB700936657 /* NSNotificationName.swift */ = {isa = PBXFileReference; lastKnownFileType = sourcecode.swift; path = NSNotificationName.swift; sourceTree = "<group>"; };
		32C06D272847E08900936657 /* UITextFieldSecureToggle.swift */ = {isa = PBXFileReference; lastKnownFileType = sourcecode.swift; path = UITextFieldSecureToggle.swift; sourceTree = "<group>"; };
		32C06D31284A5DB800936657 /* ShakeyBellView.swift */ = {isa = PBXFileReference; lastKnownFileType = sourcecode.swift; path = ShakeyBellView.swift; sourceTree = "<group>"; };
/* End PBXFileReference section */

/* Begin PBXFrameworksBuildPhase section */
		32270FDD284658D8004A077B /* Frameworks */ = {
			isa = PBXFrameworksBuildPhase;
			buildActionMask = 2147483647;
			files = (
			);
			runOnlyForDeploymentPostprocessing = 0;
		};
		323A98E228400E9A0084F703 /* Frameworks */ = {
			isa = PBXFrameworksBuildPhase;
			buildActionMask = 2147483647;
			files = (
			);
			runOnlyForDeploymentPostprocessing = 0;
		};
/* End PBXFrameworksBuildPhase section */

/* Begin PBXGroup section */
		320FE1ED284FA70B007E2712 /* AccountSummary */ = {
			isa = PBXGroup;
			children = (
				320FE1EE284FA725007E2712 /* ProfileTests.swift */,
				320FE1F0284FA865007E2712 /* AccountTests.swift */,
			);
			path = AccountSummary;
			sourceTree = "<group>";
		};
		32270FCD2844D864004A077B /* AccountSummary */ = {
			isa = PBXGroup;
			children = (
				320FE1EB284F894D007E2712 /* AccountSummaryViewController+Networking.swift */,
				32270FCE2844D88F004A077B /* AccountSummaryViewController.swift */,
				32270FD428451E83004A077B /* Header */,
				32270FD528451E9E004A077B /* Cells */,
			);
			path = AccountSummary;
			sourceTree = "<group>";
		};
		32270FD428451E83004A077B /* Header */ = {
			isa = PBXGroup;
			children = (
				32270FD028450312004A077B /* AccountSummaryHeaderView.swift */,
				32270FD22845039D004A077B /* AccountSummaryHeaderView.xib */,
			);
			path = Header;
			sourceTree = "<group>";
		};
		32270FD528451E9E004A077B /* Cells */ = {
			isa = PBXGroup;
			children = (
				32270FD628451EC6004A077B /* AccountSummaryCell.swift */,
			);
			path = Cells;
			sourceTree = "<group>";
		};
		32270FE1284658D8004A077B /* BankeyUnitTests */ = {
			isa = PBXGroup;
			children = (
				320FE1ED284FA70B007E2712 /* AccountSummary */,
				32270FE2284658D8004A077B /* BankeyUnitTests.swift */,
				32270FE9284659C1004A077B /* CurrencyFormatterTest.swift */,
			);
			path = BankeyUnitTests;
			sourceTree = "<group>";
		};
		323A98DC28400E9A0084F703 = {
			isa = PBXGroup;
			children = (
				323A98E728400E9A0084F703 /* Bankey */,
				32270FE1284658D8004A077B /* BankeyUnitTests */,
				3200DCCF284F7D2600493264 /* MyPlayground.playground */,
				323A98E628400E9A0084F703 /* Products */,
			);
			sourceTree = "<group>";
		};
		323A98E628400E9A0084F703 /* Products */ = {
			isa = PBXGroup;
			children = (
				323A98E528400E9A0084F703 /* Bankey.app */,
				32270FE0284658D8004A077B /* BankeyUnitTests.xctest */,
			);
			name = Products;
			sourceTree = "<group>";
		};
		323A98E728400E9A0084F703 /* Bankey */ = {
			isa = PBXGroup;
			children = (
				32C06D30284A5D9100936657 /* Components */,
				323A98E828400E9A0084F703 /* AppDelegate.swift */,
				322780772843A2B3000AA3F9 /* MainViewController.swift */,
				323A98FD284014190084F703 /* Login */,
				323A99002840FD700084F703 /* Onboarding */,
				32270FCD2844D864004A077B /* AccountSummary */,
				323A9907284179540084F703 /* Utilities */,
				323A98FC284013D80084F703 /* Files */,
			);
			path = Bankey;
			sourceTree = "<group>";
		};
		323A98FC284013D80084F703 /* Files */ = {
			isa = PBXGroup;
			children = (
				323A98F128400E9C0084F703 /* Assets.xcassets */,
				323A98F328400E9C0084F703 /* LaunchScreen.storyboard */,
				323A98F628400E9C0084F703 /* Info.plist */,
			);
			name = Files;
			sourceTree = "<group>";
		};
		323A98FD284014190084F703 /* Login */ = {
			isa = PBXGroup;
			children = (
				323A98EC28400E9A0084F703 /* LoginViewController.swift */,
				323A98FE284014490084F703 /* LoginView.swift */,
				323A99052841705C0084F703 /* DummyViewController.swift */,
			);
			path = Login;
			sourceTree = "<group>";
		};
		323A99002840FD700084F703 /* Onboarding */ = {
			isa = PBXGroup;
			children = (
				323A99012840FDBA0084F703 /* OnboardingContainerViewController.swift */,
				323A990328410F560084F703 /* OnboardingViewController.swift */,
			);
			path = Onboarding;
			sourceTree = "<group>";
		};
		323A9907284179540084F703 /* Utilities */ = {
			isa = PBXGroup;
			children = (
				323A9908284179870084F703 /* LocalState.swift */,
				322780752843A152000AA3F9 /* UIViewConroller+Utils.swift */,
				32270FD828464EFE004A077B /* DecimalUtil.swift */,
				32270FDA2846500C004A077B /* CurrencyFormatter.swift */,
				32C06D252847DEB700936657 /* NSNotificationName.swift */,
				32C06D272847E08900936657 /* UITextFieldSecureToggle.swift */,
				320FE1E9284F82DE007E2712 /* DateUtils.swift */,
			);
			path = Utilities;
			sourceTree = "<group>";
		};
		32C06D30284A5D9100936657 /* Components */ = {
			isa = PBXGroup;
			children = (
				32C06D31284A5DB800936657 /* ShakeyBellView.swift */,
			);
			path = Components;
			sourceTree = "<group>";
		};
/* End PBXGroup section */

/* Begin PBXNativeTarget section */
		32270FDF284658D8004A077B /* BankeyUnitTests */ = {
			isa = PBXNativeTarget;
			buildConfigurationList = 32270FE6284658D9004A077B /* Build configuration list for PBXNativeTarget "BankeyUnitTests" */;
			buildPhases = (
				32270FDC284658D8004A077B /* Sources */,
				32270FDD284658D8004A077B /* Frameworks */,
				32270FDE284658D8004A077B /* Resources */,
			);
			buildRules = (
			);
			dependencies = (
				32270FE5284658D8004A077B /* PBXTargetDependency */,
			);
			name = BankeyUnitTests;
			productName = BankeyUnitTests;
			productReference = 32270FE0284658D8004A077B /* BankeyUnitTests.xctest */;
			productType = "com.apple.product-type.bundle.unit-test";
		};
		323A98E428400E9A0084F703 /* Bankey */ = {
			isa = PBXNativeTarget;
			buildConfigurationList = 323A98F928400E9C0084F703 /* Build configuration list for PBXNativeTarget "Bankey" */;
			buildPhases = (
				323A98E128400E9A0084F703 /* Sources */,
				323A98E228400E9A0084F703 /* Frameworks */,
				323A98E328400E9A0084F703 /* Resources */,
			);
			buildRules = (
			);
			dependencies = (
			);
			name = Bankey;
			productName = Bankey;
			productReference = 323A98E528400E9A0084F703 /* Bankey.app */;
			productType = "com.apple.product-type.application";
		};
/* End PBXNativeTarget section */

/* Begin PBXProject section */
		323A98DD28400E9A0084F703 /* Project object */ = {
			isa = PBXProject;
			attributes = {
				BuildIndependentTargetsInParallel = 1;
				LastSwiftUpdateCheck = 1330;
				LastUpgradeCheck = 1330;
				TargetAttributes = {
					32270FDF284658D8004A077B = {
						CreatedOnToolsVersion = 13.3.1;
						TestTargetID = 323A98E428400E9A0084F703;
					};
					323A98E428400E9A0084F703 = {
						CreatedOnToolsVersion = 13.3.1;
					};
				};
			};
			buildConfigurationList = 323A98E028400E9A0084F703 /* Build configuration list for PBXProject "Bankey" */;
			compatibilityVersion = "Xcode 13.0";
			developmentRegion = en;
			hasScannedForEncodings = 0;
			knownRegions = (
				en,
				Base,
			);
			mainGroup = 323A98DC28400E9A0084F703;
			productRefGroup = 323A98E628400E9A0084F703 /* Products */;
			projectDirPath = "";
			projectRoot = "";
			targets = (
				323A98E428400E9A0084F703 /* Bankey */,
				32270FDF284658D8004A077B /* BankeyUnitTests */,
			);
		};
/* End PBXProject section */

/* Begin PBXResourcesBuildPhase section */
		32270FDE284658D8004A077B /* Resources */ = {
			isa = PBXResourcesBuildPhase;
			buildActionMask = 2147483647;
			files = (
			);
			runOnlyForDeploymentPostprocessing = 0;
		};
		323A98E328400E9A0084F703 /* Resources */ = {
			isa = PBXResourcesBuildPhase;
			buildActionMask = 2147483647;
			files = (
				32270FD32845039D004A077B /* AccountSummaryHeaderView.xib in Resources */,
				323A98F528400E9C0084F703 /* LaunchScreen.storyboard in Resources */,
				323A98F228400E9C0084F703 /* Assets.xcassets in Resources */,
			);
			runOnlyForDeploymentPostprocessing = 0;
		};
/* End PBXResourcesBuildPhase section */

/* Begin PBXSourcesBuildPhase section */
		32270FDC284658D8004A077B /* Sources */ = {
			isa = PBXSourcesBuildPhase;
			buildActionMask = 2147483647;
			files = (
				320FE1EF284FA725007E2712 /* ProfileTests.swift in Sources */,
				320FE1F1284FA865007E2712 /* AccountTests.swift in Sources */,
				32270FE3284658D8004A077B /* BankeyUnitTests.swift in Sources */,
				32270FEA284659C1004A077B /* CurrencyFormatterTest.swift in Sources */,
			);
			runOnlyForDeploymentPostprocessing = 0;
		};
		323A98E128400E9A0084F703 /* Sources */ = {
			isa = PBXSourcesBuildPhase;
			buildActionMask = 2147483647;
			files = (
				323A98FF284014490084F703 /* LoginView.swift in Sources */,
				323A9909284179870084F703 /* LocalState.swift in Sources */,
				323A99062841705C0084F703 /* DummyViewController.swift in Sources */,
				32270FD928464EFE004A077B /* DecimalUtil.swift in Sources */,
				32270FD128450312004A077B /* AccountSummaryHeaderView.swift in Sources */,
				32270FDB2846500C004A077B /* CurrencyFormatter.swift in Sources */,
				322780762843A152000AA3F9 /* UIViewConroller+Utils.swift in Sources */,
				32C06D262847DEB700936657 /* NSNotificationName.swift in Sources */,
				32C06D282847E08900936657 /* UITextFieldSecureToggle.swift in Sources */,
				323A98ED28400E9A0084F703 /* LoginViewController.swift in Sources */,
				32C06D32284A5DB800936657 /* ShakeyBellView.swift in Sources */,
				32270FD728451EC6004A077B /* AccountSummaryCell.swift in Sources */,
				323A990428410F560084F703 /* OnboardingViewController.swift in Sources */,
				320FE1EA284F82DE007E2712 /* DateUtils.swift in Sources */,
				322780782843A2B3000AA3F9 /* MainViewController.swift in Sources */,
				32270FCF2844D88F004A077B /* AccountSummaryViewController.swift in Sources */,
				323A98E928400E9A0084F703 /* AppDelegate.swift in Sources */,
				323A99022840FDBA0084F703 /* OnboardingContainerViewController.swift in Sources */,
				320FE1EC284F894D007E2712 /* AccountSummaryViewController+Networking.swift in Sources */,
			);
			runOnlyForDeploymentPostprocessing = 0;
		};
/* End PBXSourcesBuildPhase section */

/* Begin PBXTargetDependency section */
		32270FE5284658D8004A077B /* PBXTargetDependency */ = {
			isa = PBXTargetDependency;
			target = 323A98E428400E9A0084F703 /* Bankey */;
			targetProxy = 32270FE4284658D8004A077B /* PBXContainerItemProxy */;
		};
/* End PBXTargetDependency section */

/* Begin PBXVariantGroup section */
		323A98F328400E9C0084F703 /* LaunchScreen.storyboard */ = {
			isa = PBXVariantGroup;
			children = (
				323A98F428400E9C0084F703 /* Base */,
			);
			name = LaunchScreen.storyboard;
			sourceTree = "<group>";
		};
/* End PBXVariantGroup section */

/* Begin XCBuildConfiguration section */
		32270FE7284658D9004A077B /* Debug */ = {
			isa = XCBuildConfiguration;
			buildSettings = {
				BUNDLE_LOADER = "$(TEST_HOST)";
				CODE_SIGN_STYLE = Automatic;
				CURRENT_PROJECT_VERSION = 1;
				DEVELOPMENT_TEAM = 8U63ZP8KK6;
				GENERATE_INFOPLIST_FILE = YES;
				MARKETING_VERSION = 1.0;
				PRODUCT_BUNDLE_IDENTIFIER = com.jasondubon.BankeyUnitTests;
				PRODUCT_NAME = "$(TARGET_NAME)";
				SWIFT_EMIT_LOC_STRINGS = NO;
				SWIFT_VERSION = 5.0;
				TARGETED_DEVICE_FAMILY = "1,2";
				TEST_HOST = "$(BUILT_PRODUCTS_DIR)/Bankey.app/Bankey";
			};
			name = Debug;
		};
		32270FE8284658D9004A077B /* Release */ = {
			isa = XCBuildConfiguration;
			buildSettings = {
				BUNDLE_LOADER = "$(TEST_HOST)";
				CODE_SIGN_STYLE = Automatic;
				CURRENT_PROJECT_VERSION = 1;
				DEVELOPMENT_TEAM = 8U63ZP8KK6;
				GENERATE_INFOPLIST_FILE = YES;
				MARKETING_VERSION = 1.0;
				PRODUCT_BUNDLE_IDENTIFIER = com.jasondubon.BankeyUnitTests;
				PRODUCT_NAME = "$(TARGET_NAME)";
				SWIFT_EMIT_LOC_STRINGS = NO;
				SWIFT_VERSION = 5.0;
				TARGETED_DEVICE_FAMILY = "1,2";
				TEST_HOST = "$(BUILT_PRODUCTS_DIR)/Bankey.app/Bankey";
			};
			name = Release;
		};
		323A98F728400E9C0084F703 /* Debug */ = {
			isa = XCBuildConfiguration;
			buildSettings = {
				ALWAYS_SEARCH_USER_PATHS = NO;
				CLANG_ANALYZER_NONNULL = YES;
				CLANG_ANALYZER_NUMBER_OBJECT_CONVERSION = YES_AGGRESSIVE;
				CLANG_CXX_LANGUAGE_STANDARD = "gnu++17";
				CLANG_ENABLE_MODULES = YES;
				CLANG_ENABLE_OBJC_ARC = YES;
				CLANG_ENABLE_OBJC_WEAK = YES;
				CLANG_WARN_BLOCK_CAPTURE_AUTORELEASING = YES;
				CLANG_WARN_BOOL_CONVERSION = YES;
				CLANG_WARN_COMMA = YES;
				CLANG_WARN_CONSTANT_CONVERSION = YES;
				CLANG_WARN_DEPRECATED_OBJC_IMPLEMENTATIONS = YES;
				CLANG_WARN_DIRECT_OBJC_ISA_USAGE = YES_ERROR;
				CLANG_WARN_DOCUMENTATION_COMMENTS = YES;
				CLANG_WARN_EMPTY_BODY = YES;
				CLANG_WARN_ENUM_CONVERSION = YES;
				CLANG_WARN_INFINITE_RECURSION = YES;
				CLANG_WARN_INT_CONVERSION = YES;
				CLANG_WARN_NON_LITERAL_NULL_CONVERSION = YES;
				CLANG_WARN_OBJC_IMPLICIT_RETAIN_SELF = YES;
				CLANG_WARN_OBJC_LITERAL_CONVERSION = YES;
				CLANG_WARN_OBJC_ROOT_CLASS = YES_ERROR;
				CLANG_WARN_QUOTED_INCLUDE_IN_FRAMEWORK_HEADER = YES;
				CLANG_WARN_RANGE_LOOP_ANALYSIS = YES;
				CLANG_WARN_STRICT_PROTOTYPES = YES;
				CLANG_WARN_SUSPICIOUS_MOVE = YES;
				CLANG_WARN_UNGUARDED_AVAILABILITY = YES_AGGRESSIVE;
				CLANG_WARN_UNREACHABLE_CODE = YES;
				CLANG_WARN__DUPLICATE_METHOD_MATCH = YES;
				COPY_PHASE_STRIP = NO;
				DEBUG_INFORMATION_FORMAT = dwarf;
				ENABLE_STRICT_OBJC_MSGSEND = YES;
				ENABLE_TESTABILITY = YES;
				GCC_C_LANGUAGE_STANDARD = gnu11;
				GCC_DYNAMIC_NO_PIC = NO;
				GCC_NO_COMMON_BLOCKS = YES;
				GCC_OPTIMIZATION_LEVEL = 0;
				GCC_PREPROCESSOR_DEFINITIONS = (
					"DEBUG=1",
					"$(inherited)",
				);
				GCC_WARN_64_TO_32_BIT_CONVERSION = YES;
				GCC_WARN_ABOUT_RETURN_TYPE = YES_ERROR;
				GCC_WARN_UNDECLARED_SELECTOR = YES;
				GCC_WARN_UNINITIALIZED_AUTOS = YES_AGGRESSIVE;
				GCC_WARN_UNUSED_FUNCTION = YES;
				GCC_WARN_UNUSED_VARIABLE = YES;
				IPHONEOS_DEPLOYMENT_TARGET = 15.4;
				MTL_ENABLE_DEBUG_INFO = INCLUDE_SOURCE;
				MTL_FAST_MATH = YES;
				ONLY_ACTIVE_ARCH = YES;
				SDKROOT = iphoneos;
				SWIFT_ACTIVE_COMPILATION_CONDITIONS = DEBUG;
				SWIFT_OPTIMIZATION_LEVEL = "-Onone";
			};
			name = Debug;
		};
		323A98F828400E9C0084F703 /* Release */ = {
			isa = XCBuildConfiguration;
			buildSettings = {
				ALWAYS_SEARCH_USER_PATHS = NO;
				CLANG_ANALYZER_NONNULL = YES;
				CLANG_ANALYZER_NUMBER_OBJECT_CONVERSION = YES_AGGRESSIVE;
				CLANG_CXX_LANGUAGE_STANDARD = "gnu++17";
				CLANG_ENABLE_MODULES = YES;
				CLANG_ENABLE_OBJC_ARC = YES;
				CLANG_ENABLE_OBJC_WEAK = YES;
				CLANG_WARN_BLOCK_CAPTURE_AUTORELEASING = YES;
				CLANG_WARN_BOOL_CONVERSION = YES;
				CLANG_WARN_COMMA = YES;
				CLANG_WARN_CONSTANT_CONVERSION = YES;
				CLANG_WARN_DEPRECATED_OBJC_IMPLEMENTATIONS = YES;
				CLANG_WARN_DIRECT_OBJC_ISA_USAGE = YES_ERROR;
				CLANG_WARN_DOCUMENTATION_COMMENTS = YES;
				CLANG_WARN_EMPTY_BODY = YES;
				CLANG_WARN_ENUM_CONVERSION = YES;
				CLANG_WARN_INFINITE_RECURSION = YES;
				CLANG_WARN_INT_CONVERSION = YES;
				CLANG_WARN_NON_LITERAL_NULL_CONVERSION = YES;
				CLANG_WARN_OBJC_IMPLICIT_RETAIN_SELF = YES;
				CLANG_WARN_OBJC_LITERAL_CONVERSION = YES;
				CLANG_WARN_OBJC_ROOT_CLASS = YES_ERROR;
				CLANG_WARN_QUOTED_INCLUDE_IN_FRAMEWORK_HEADER = YES;
				CLANG_WARN_RANGE_LOOP_ANALYSIS = YES;
				CLANG_WARN_STRICT_PROTOTYPES = YES;
				CLANG_WARN_SUSPICIOUS_MOVE = YES;
				CLANG_WARN_UNGUARDED_AVAILABILITY = YES_AGGRESSIVE;
				CLANG_WARN_UNREACHABLE_CODE = YES;
				CLANG_WARN__DUPLICATE_METHOD_MATCH = YES;
				COPY_PHASE_STRIP = NO;
				DEBUG_INFORMATION_FORMAT = "dwarf-with-dsym";
				ENABLE_NS_ASSERTIONS = NO;
				ENABLE_STRICT_OBJC_MSGSEND = YES;
				GCC_C_LANGUAGE_STANDARD = gnu11;
				GCC_NO_COMMON_BLOCKS = YES;
				GCC_WARN_64_TO_32_BIT_CONVERSION = YES;
				GCC_WARN_ABOUT_RETURN_TYPE = YES_ERROR;
				GCC_WARN_UNDECLARED_SELECTOR = YES;
				GCC_WARN_UNINITIALIZED_AUTOS = YES_AGGRESSIVE;
				GCC_WARN_UNUSED_FUNCTION = YES;
				GCC_WARN_UNUSED_VARIABLE = YES;
				IPHONEOS_DEPLOYMENT_TARGET = 15.4;
				MTL_ENABLE_DEBUG_INFO = NO;
				MTL_FAST_MATH = YES;
				SDKROOT = iphoneos;
				SWIFT_COMPILATION_MODE = wholemodule;
				SWIFT_OPTIMIZATION_LEVEL = "-O";
				VALIDATE_PRODUCT = YES;
			};
			name = Release;
		};
		323A98FA28400E9C0084F703 /* Debug */ = {
			isa = XCBuildConfiguration;
			buildSettings = {
				ASSETCATALOG_COMPILER_APPICON_NAME = AppIcon;
				ASSETCATALOG_COMPILER_GLOBAL_ACCENT_COLOR_NAME = AccentColor;
				CODE_SIGN_STYLE = Automatic;
				CURRENT_PROJECT_VERSION = 1;
				DEVELOPMENT_TEAM = 8U63ZP8KK6;
				GENERATE_INFOPLIST_FILE = YES;
				INFOPLIST_FILE = Bankey/Info.plist;
				INFOPLIST_KEY_UIApplicationSupportsIndirectInputEvents = YES;
				INFOPLIST_KEY_UILaunchStoryboardName = LaunchScreen;
				INFOPLIST_KEY_UISupportedInterfaceOrientations_iPad = "UIInterfaceOrientationPortrait UIInterfaceOrientationPortraitUpsideDown UIInterfaceOrientationLandscapeLeft UIInterfaceOrientationLandscapeRight";
				INFOPLIST_KEY_UISupportedInterfaceOrientations_iPhone = "UIInterfaceOrientationPortrait UIInterfaceOrientationLandscapeLeft UIInterfaceOrientationLandscapeRight";
				LD_RUNPATH_SEARCH_PATHS = (
					"$(inherited)",
					"@executable_path/Frameworks",
				);
				MARKETING_VERSION = 1.0;
				PRODUCT_BUNDLE_IDENTIFIER = com.jasondubon.Bankey;
				PRODUCT_NAME = "$(TARGET_NAME)";
				SWIFT_EMIT_LOC_STRINGS = YES;
				SWIFT_VERSION = 5.0;
				TARGETED_DEVICE_FAMILY = "1,2";
			};
			name = Debug;
		};
		323A98FB28400E9C0084F703 /* Release */ = {
			isa = XCBuildConfiguration;
			buildSettings = {
				ASSETCATALOG_COMPILER_APPICON_NAME = AppIcon;
				ASSETCATALOG_COMPILER_GLOBAL_ACCENT_COLOR_NAME = AccentColor;
				CODE_SIGN_STYLE = Automatic;
				CURRENT_PROJECT_VERSION = 1;
				DEVELOPMENT_TEAM = 8U63ZP8KK6;
				GENERATE_INFOPLIST_FILE = YES;
				INFOPLIST_FILE = Bankey/Info.plist;
				INFOPLIST_KEY_UIApplicationSupportsIndirectInputEvents = YES;
				INFOPLIST_KEY_UILaunchStoryboardName = LaunchScreen;
				INFOPLIST_KEY_UISupportedInterfaceOrientations_iPad = "UIInterfaceOrientationPortrait UIInterfaceOrientationPortraitUpsideDown UIInterfaceOrientationLandscapeLeft UIInterfaceOrientationLandscapeRight";
				INFOPLIST_KEY_UISupportedInterfaceOrientations_iPhone = "UIInterfaceOrientationPortrait UIInterfaceOrientationLandscapeLeft UIInterfaceOrientationLandscapeRight";
				LD_RUNPATH_SEARCH_PATHS = (
					"$(inherited)",
					"@executable_path/Frameworks",
				);
				MARKETING_VERSION = 1.0;
				PRODUCT_BUNDLE_IDENTIFIER = com.jasondubon.Bankey;
				PRODUCT_NAME = "$(TARGET_NAME)";
				SWIFT_EMIT_LOC_STRINGS = YES;
				SWIFT_VERSION = 5.0;
				TARGETED_DEVICE_FAMILY = "1,2";
			};
			name = Release;
		};
/* End XCBuildConfiguration section */

/* Begin XCConfigurationList section */
		32270FE6284658D9004A077B /* Build configuration list for PBXNativeTarget "BankeyUnitTests" */ = {
			isa = XCConfigurationList;
			buildConfigurations = (
				32270FE7284658D9004A077B /* Debug */,
				32270FE8284658D9004A077B /* Release */,
			);
			defaultConfigurationIsVisible = 0;
			defaultConfigurationName = Release;
		};
		323A98E028400E9A0084F703 /* Build configuration list for PBXProject "Bankey" */ = {
			isa = XCConfigurationList;
			buildConfigurations = (
				323A98F728400E9C0084F703 /* Debug */,
				323A98F828400E9C0084F703 /* Release */,
			);
			defaultConfigurationIsVisible = 0;
			defaultConfigurationName = Release;
		};
		323A98F928400E9C0084F703 /* Build configuration list for PBXNativeTarget "Bankey" */ = {
			isa = XCConfigurationList;
			buildConfigurations = (
				323A98FA28400E9C0084F703 /* Debug */,
				323A98FB28400E9C0084F703 /* Release */,
			);
			defaultConfigurationIsVisible = 0;
			defaultConfigurationName = Release;
		};
/* End XCConfigurationList section */
	};
	rootObject = 323A98DD28400E9A0084F703 /* Project object */;
}
